// !$*UTF8*$!
{
	archiveVersion = 1;
	classes = {
	};
	objectVersion = 50;
	objects = {

/* Begin PBXBuildFile section */
		6F3DEA6D212C51E500B71A96 /* AppDelegate.swift in Sources */ = {isa = PBXBuildFile; fileRef = 6F3DEA6C212C51E500B71A96 /* AppDelegate.swift */; };
		6F3DEA6F212C51E500B71A96 /* ViewController.swift in Sources */ = {isa = PBXBuildFile; fileRef = 6F3DEA6E212C51E500B71A96 /* ViewController.swift */; };
		6F3DEA72212C51E500B71A96 /* Main.storyboard in Resources */ = {isa = PBXBuildFile; fileRef = 6F3DEA70212C51E500B71A96 /* Main.storyboard */; };
		6F3DEA74212C51F800B71A96 /* Assets.xcassets in Resources */ = {isa = PBXBuildFile; fileRef = 6F3DEA73212C51F800B71A96 /* Assets.xcassets */; };
		6F3DEA77212C51F800B71A96 /* LaunchScreen.storyboard in Resources */ = {isa = PBXBuildFile; fileRef = 6F3DEA75212C51F800B71A96 /* LaunchScreen.storyboard */; };
		6F3DEA82212C51F800B71A96 /* AppTCCTests.swift in Sources */ = {isa = PBXBuildFile; fileRef = 6F3DEA81212C51F800B71A96 /* AppTCCTests.swift */; };
		6F3DEA8D212C51F800B71A96 /* AppTCCUITests.swift in Sources */ = {isa = PBXBuildFile; fileRef = 6F3DEA8C212C51F800B71A96 /* AppTCCUITests.swift */; };
		6FD5E289212F0E4C00517EEF /* RoomTableViewCell.swift in Sources */ = {isa = PBXBuildFile; fileRef = 6FD5E288212F0E4C00517EEF /* RoomTableViewCell.swift */; };
		6FD5E28A212F0E4C00517EEF /* RoomTableViewCell.swift in Sources */ = {isa = PBXBuildFile; fileRef = 6FD5E288212F0E4C00517EEF /* RoomTableViewCell.swift */; };
		6FD5E28B212F0E4C00517EEF /* RoomTableViewCell.swift in Sources */ = {isa = PBXBuildFile; fileRef = 6FD5E288212F0E4C00517EEF /* RoomTableViewCell.swift */; };
		6FD5E28D212F22B900517EEF /* DeviceCollectionViewCell.swift in Sources */ = {isa = PBXBuildFile; fileRef = 6FD5E28C212F22B900517EEF /* DeviceCollectionViewCell.swift */; };
		6FD5E28E212F22B900517EEF /* DeviceCollectionViewCell.swift in Sources */ = {isa = PBXBuildFile; fileRef = 6FD5E28C212F22B900517EEF /* DeviceCollectionViewCell.swift */; };
		6FD5E28F212F22B900517EEF /* DeviceCollectionViewCell.swift in Sources */ = {isa = PBXBuildFile; fileRef = 6FD5E28C212F22B900517EEF /* DeviceCollectionViewCell.swift */; };
		6FD5E294212F27F000517EEF /* View.swift in Sources */ = {isa = PBXBuildFile; fileRef = 6FD5E293212F27F000517EEF /* View.swift */; };
		6FD5E295212F27F000517EEF /* View.swift in Sources */ = {isa = PBXBuildFile; fileRef = 6FD5E293212F27F000517EEF /* View.swift */; };
		6FD5E296212F27F000517EEF /* View.swift in Sources */ = {isa = PBXBuildFile; fileRef = 6FD5E293212F27F000517EEF /* View.swift */; };
		6FD5E299212F36A800517EEF /* Room.swift in Sources */ = {isa = PBXBuildFile; fileRef = 6FD5E298212F36A800517EEF /* Room.swift */; };
		6FD5E29A212F36A800517EEF /* Room.swift in Sources */ = {isa = PBXBuildFile; fileRef = 6FD5E298212F36A800517EEF /* Room.swift */; };
		6FD5E29B212F36A800517EEF /* Room.swift in Sources */ = {isa = PBXBuildFile; fileRef = 6FD5E298212F36A800517EEF /* Room.swift */; };
		6FD5E29D212F3CB200517EEF /* Device.swift in Sources */ = {isa = PBXBuildFile; fileRef = 6FD5E29C212F3CB200517EEF /* Device.swift */; };
		6FD5E29E212F3CB200517EEF /* Device.swift in Sources */ = {isa = PBXBuildFile; fileRef = 6FD5E29C212F3CB200517EEF /* Device.swift */; };
		6FD5E29F212F3CB200517EEF /* Device.swift in Sources */ = {isa = PBXBuildFile; fileRef = 6FD5E29C212F3CB200517EEF /* Device.swift */; };
		6FD5E2A2212F42D300517EEF /* ViewModel.swift in Sources */ = {isa = PBXBuildFile; fileRef = 6FD5E2A1212F42D300517EEF /* ViewModel.swift */; };
		6FD5E2A3212F42D300517EEF /* ViewModel.swift in Sources */ = {isa = PBXBuildFile; fileRef = 6FD5E2A1212F42D300517EEF /* ViewModel.swift */; };
		6FD5E2A4212F42D300517EEF /* ViewModel.swift in Sources */ = {isa = PBXBuildFile; fileRef = 6FD5E2A1212F42D300517EEF /* ViewModel.swift */; };
		6FD5E2A8212F432700517EEF /* ArduinoService.swift in Sources */ = {isa = PBXBuildFile; fileRef = 6FD5E2A7212F432700517EEF /* ArduinoService.swift */; };
		6FD5E2A9212F432700517EEF /* ArduinoService.swift in Sources */ = {isa = PBXBuildFile; fileRef = 6FD5E2A7212F432700517EEF /* ArduinoService.swift */; };
		6FD5E2AA212F432700517EEF /* ArduinoService.swift in Sources */ = {isa = PBXBuildFile; fileRef = 6FD5E2A7212F432700517EEF /* ArduinoService.swift */; };
		6FD5E2AD212F439200517EEF /* ArduinoServiceProtocol.swift in Sources */ = {isa = PBXBuildFile; fileRef = 6FD5E2AC212F439200517EEF /* ArduinoServiceProtocol.swift */; };
		6FD5E2AE212F439200517EEF /* ArduinoServiceProtocol.swift in Sources */ = {isa = PBXBuildFile; fileRef = 6FD5E2AC212F439200517EEF /* ArduinoServiceProtocol.swift */; };
		6FD5E2AF212F439200517EEF /* ArduinoServiceProtocol.swift in Sources */ = {isa = PBXBuildFile; fileRef = 6FD5E2AC212F439200517EEF /* ArduinoServiceProtocol.swift */; };
/* End PBXBuildFile section */

/* Begin PBXContainerItemProxy section */
		6F3DEA7E212C51F800B71A96 /* PBXContainerItemProxy */ = {
			isa = PBXContainerItemProxy;
			containerPortal = 6F3DEA61212C51E500B71A96 /* Project object */;
			proxyType = 1;
			remoteGlobalIDString = 6F3DEA68212C51E500B71A96;
			remoteInfo = AppTCC;
		};
		6F3DEA89212C51F800B71A96 /* PBXContainerItemProxy */ = {
			isa = PBXContainerItemProxy;
			containerPortal = 6F3DEA61212C51E500B71A96 /* Project object */;
			proxyType = 1;
			remoteGlobalIDString = 6F3DEA68212C51E500B71A96;
			remoteInfo = AppTCC;
		};
/* End PBXContainerItemProxy section */

/* Begin PBXFileReference section */
		6F3DEA69212C51E500B71A96 /* AppTCC.app */ = {isa = PBXFileReference; explicitFileType = wrapper.application; includeInIndex = 0; path = AppTCC.app; sourceTree = BUILT_PRODUCTS_DIR; };
		6F3DEA6C212C51E500B71A96 /* AppDelegate.swift */ = {isa = PBXFileReference; lastKnownFileType = sourcecode.swift; path = AppDelegate.swift; sourceTree = "<group>"; };
		6F3DEA6E212C51E500B71A96 /* ViewController.swift */ = {isa = PBXFileReference; lastKnownFileType = sourcecode.swift; path = ViewController.swift; sourceTree = "<group>"; };
		6F3DEA71212C51E500B71A96 /* Base */ = {isa = PBXFileReference; lastKnownFileType = file.storyboard; name = Base; path = Base.lproj/Main.storyboard; sourceTree = "<group>"; };
		6F3DEA73212C51F800B71A96 /* Assets.xcassets */ = {isa = PBXFileReference; lastKnownFileType = folder.assetcatalog; path = Assets.xcassets; sourceTree = "<group>"; };
		6F3DEA76212C51F800B71A96 /* Base */ = {isa = PBXFileReference; lastKnownFileType = file.storyboard; name = Base; path = Base.lproj/LaunchScreen.storyboard; sourceTree = "<group>"; };
		6F3DEA78212C51F800B71A96 /* Info.plist */ = {isa = PBXFileReference; lastKnownFileType = text.plist.xml; path = Info.plist; sourceTree = "<group>"; };
		6F3DEA7D212C51F800B71A96 /* AppTCCTests.xctest */ = {isa = PBXFileReference; explicitFileType = wrapper.cfbundle; includeInIndex = 0; path = AppTCCTests.xctest; sourceTree = BUILT_PRODUCTS_DIR; };
		6F3DEA81212C51F800B71A96 /* AppTCCTests.swift */ = {isa = PBXFileReference; lastKnownFileType = sourcecode.swift; path = AppTCCTests.swift; sourceTree = "<group>"; };
		6F3DEA83212C51F800B71A96 /* Info.plist */ = {isa = PBXFileReference; lastKnownFileType = text.plist.xml; path = Info.plist; sourceTree = "<group>"; };
		6F3DEA88212C51F800B71A96 /* AppTCCUITests.xctest */ = {isa = PBXFileReference; explicitFileType = wrapper.cfbundle; includeInIndex = 0; path = AppTCCUITests.xctest; sourceTree = BUILT_PRODUCTS_DIR; };
		6F3DEA8C212C51F800B71A96 /* AppTCCUITests.swift */ = {isa = PBXFileReference; lastKnownFileType = sourcecode.swift; path = AppTCCUITests.swift; sourceTree = "<group>"; };
		6F3DEA8E212C51F800B71A96 /* Info.plist */ = {isa = PBXFileReference; lastKnownFileType = text.plist.xml; path = Info.plist; sourceTree = "<group>"; };
		6FD5E288212F0E4C00517EEF /* RoomTableViewCell.swift */ = {isa = PBXFileReference; lastKnownFileType = sourcecode.swift; path = RoomTableViewCell.swift; sourceTree = "<group>"; };
		6FD5E28C212F22B900517EEF /* DeviceCollectionViewCell.swift */ = {isa = PBXFileReference; lastKnownFileType = sourcecode.swift; path = DeviceCollectionViewCell.swift; sourceTree = "<group>"; };
		6FD5E293212F27F000517EEF /* View.swift */ = {isa = PBXFileReference; lastKnownFileType = sourcecode.swift; path = View.swift; sourceTree = "<group>"; };
		6FD5E298212F36A800517EEF /* Room.swift */ = {isa = PBXFileReference; lastKnownFileType = sourcecode.swift; path = Room.swift; sourceTree = "<group>"; };
		6FD5E29C212F3CB200517EEF /* Device.swift */ = {isa = PBXFileReference; lastKnownFileType = sourcecode.swift; path = Device.swift; sourceTree = "<group>"; };
		6FD5E2A1212F42D300517EEF /* ViewModel.swift */ = {isa = PBXFileReference; lastKnownFileType = sourcecode.swift; path = ViewModel.swift; sourceTree = "<group>"; };
		6FD5E2A7212F432700517EEF /* ArduinoService.swift */ = {isa = PBXFileReference; lastKnownFileType = sourcecode.swift; path = ArduinoService.swift; sourceTree = "<group>"; };
		6FD5E2AC212F439200517EEF /* ArduinoServiceProtocol.swift */ = {isa = PBXFileReference; lastKnownFileType = sourcecode.swift; path = ArduinoServiceProtocol.swift; sourceTree = "<group>"; };
/* End PBXFileReference section */

/* Begin PBXFrameworksBuildPhase section */
		6F3DEA66212C51E500B71A96 /* Frameworks */ = {
			isa = PBXFrameworksBuildPhase;
			buildActionMask = 2147483647;
			files = (
			);
			runOnlyForDeploymentPostprocessing = 0;
		};
		6F3DEA7A212C51F800B71A96 /* Frameworks */ = {
			isa = PBXFrameworksBuildPhase;
			buildActionMask = 2147483647;
			files = (
			);
			runOnlyForDeploymentPostprocessing = 0;
		};
		6F3DEA85212C51F800B71A96 /* Frameworks */ = {
			isa = PBXFrameworksBuildPhase;
			buildActionMask = 2147483647;
			files = (
			);
			runOnlyForDeploymentPostprocessing = 0;
		};
/* End PBXFrameworksBuildPhase section */

/* Begin PBXGroup section */
		6F3DEA60212C51E500B71A96 = {
			isa = PBXGroup;
			children = (
				6F3DEA6B212C51E500B71A96 /* AppTCC */,
				6F3DEA80212C51F800B71A96 /* AppTCCTests */,
				6F3DEA8B212C51F800B71A96 /* AppTCCUITests */,
				6F3DEA6A212C51E500B71A96 /* Products */,
			);
			sourceTree = "<group>";
		};
		6F3DEA6A212C51E500B71A96 /* Products */ = {
			isa = PBXGroup;
			children = (
				6F3DEA69212C51E500B71A96 /* AppTCC.app */,
				6F3DEA7D212C51F800B71A96 /* AppTCCTests.xctest */,
				6F3DEA88212C51F800B71A96 /* AppTCCUITests.xctest */,
			);
			name = Products;
			sourceTree = "<group>";
		};
		6F3DEA6B212C51E500B71A96 /* AppTCC */ = {
			isa = PBXGroup;
			children = (
				6FD5E291212F27D500517EEF /* Common */,
				6FD5E297212F369300517EEF /* Model */,
				6FD5E285212F0E0200517EEF /* View */,
				6FD5E2A0212F42A700517EEF /* ViewModel */,
				6F3DEA73212C51F800B71A96 /* Assets.xcassets */,
				6F3DEA75212C51F800B71A96 /* LaunchScreen.storyboard */,
				6F3DEA78212C51F800B71A96 /* Info.plist */,
			);
			path = AppTCC;
			sourceTree = "<group>";
		};
		6F3DEA80212C51F800B71A96 /* AppTCCTests */ = {
			isa = PBXGroup;
			children = (
				6F3DEA81212C51F800B71A96 /* AppTCCTests.swift */,
				6F3DEA83212C51F800B71A96 /* Info.plist */,
			);
			path = AppTCCTests;
			sourceTree = "<group>";
		};
		6F3DEA8B212C51F800B71A96 /* AppTCCUITests */ = {
			isa = PBXGroup;
			children = (
				6F3DEA8C212C51F800B71A96 /* AppTCCUITests.swift */,
				6F3DEA8E212C51F800B71A96 /* Info.plist */,
			);
			path = AppTCCUITests;
			sourceTree = "<group>";
		};
		6FD5E285212F0E0200517EEF /* View */ = {
			isa = PBXGroup;
			children = (
				6FD5E290212F27C900517EEF /* Storyboard */,
				6FD5E287212F0E1900517EEF /* Controller */,
				6FD5E286212F0E1300517EEF /* Cell */,
			);
			path = View;
			sourceTree = "<group>";
		};
		6FD5E286212F0E1300517EEF /* Cell */ = {
			isa = PBXGroup;
			children = (
				6FD5E288212F0E4C00517EEF /* RoomTableViewCell.swift */,
				6FD5E28C212F22B900517EEF /* DeviceCollectionViewCell.swift */,
			);
			path = Cell;
			sourceTree = "<group>";
		};
		6FD5E287212F0E1900517EEF /* Controller */ = {
			isa = PBXGroup;
			children = (
				6F3DEA6E212C51E500B71A96 /* ViewController.swift */,
			);
			path = Controller;
			sourceTree = "<group>";
		};
		6FD5E290212F27C900517EEF /* Storyboard */ = {
			isa = PBXGroup;
			children = (
				6F3DEA70212C51E500B71A96 /* Main.storyboard */,
			);
			path = Storyboard;
			sourceTree = "<group>";
		};
		6FD5E291212F27D500517EEF /* Common */ = {
			isa = PBXGroup;
			children = (
				6F3DEA6C212C51E500B71A96 /* AppDelegate.swift */,
				6FD5E292212F27E000517EEF /* Extensions */,
			);
			path = Common;
			sourceTree = "<group>";
		};
		6FD5E292212F27E000517EEF /* Extensions */ = {
			isa = PBXGroup;
			children = (
				6FD5E293212F27F000517EEF /* View.swift */,
			);
			path = Extensions;
			sourceTree = "<group>";
		};
		6FD5E297212F369300517EEF /* Model */ = {
			isa = PBXGroup;
			children = (
				6FD5E2A5212F42FE00517EEF /* Entity */,
				6FD5E2A6212F430600517EEF /* Service */,
			);
			path = Model;
			sourceTree = "<group>";
		};
		6FD5E2A0212F42A700517EEF /* ViewModel */ = {
			isa = PBXGroup;
			children = (
				6FD5E2A1212F42D300517EEF /* ViewModel.swift */,
			);
			path = ViewModel;
			sourceTree = "<group>";
		};
		6FD5E2A5212F42FE00517EEF /* Entity */ = {
			isa = PBXGroup;
			children = (
				6FD5E298212F36A800517EEF /* Room.swift */,
				6FD5E29C212F3CB200517EEF /* Device.swift */,
			);
			path = Entity;
			sourceTree = "<group>";
		};
		6FD5E2A6212F430600517EEF /* Service */ = {
			isa = PBXGroup;
			children = (
				6FD5E2AB212F437200517EEF /* Protocol */,
				6FD5E2A7212F432700517EEF /* ArduinoService.swift */,
			);
			path = Service;
			sourceTree = "<group>";
		};
		6FD5E2AB212F437200517EEF /* Protocol */ = {
			isa = PBXGroup;
			children = (
				6FD5E2AC212F439200517EEF /* ArduinoServiceProtocol.swift */,
			);
			path = Protocol;
			sourceTree = "<group>";
		};
/* End PBXGroup section */

/* Begin PBXNativeTarget section */
		6F3DEA68212C51E500B71A96 /* AppTCC */ = {
			isa = PBXNativeTarget;
			buildConfigurationList = 6F3DEA91212C51F800B71A96 /* Build configuration list for PBXNativeTarget "AppTCC" */;
			buildPhases = (
				6F3DEA65212C51E500B71A96 /* Sources */,
				6F3DEA66212C51E500B71A96 /* Frameworks */,
				6F3DEA67212C51E500B71A96 /* Resources */,
			);
			buildRules = (
			);
			dependencies = (
			);
			name = AppTCC;
			productName = AppTCC;
			productReference = 6F3DEA69212C51E500B71A96 /* AppTCC.app */;
			productType = "com.apple.product-type.application";
		};
		6F3DEA7C212C51F800B71A96 /* AppTCCTests */ = {
			isa = PBXNativeTarget;
			buildConfigurationList = 6F3DEA94212C51F800B71A96 /* Build configuration list for PBXNativeTarget "AppTCCTests" */;
			buildPhases = (
				6F3DEA79212C51F800B71A96 /* Sources */,
				6F3DEA7A212C51F800B71A96 /* Frameworks */,
				6F3DEA7B212C51F800B71A96 /* Resources */,
			);
			buildRules = (
			);
			dependencies = (
				6F3DEA7F212C51F800B71A96 /* PBXTargetDependency */,
			);
			name = AppTCCTests;
			productName = AppTCCTests;
			productReference = 6F3DEA7D212C51F800B71A96 /* AppTCCTests.xctest */;
			productType = "com.apple.product-type.bundle.unit-test";
		};
		6F3DEA87212C51F800B71A96 /* AppTCCUITests */ = {
			isa = PBXNativeTarget;
			buildConfigurationList = 6F3DEA97212C51F800B71A96 /* Build configuration list for PBXNativeTarget "AppTCCUITests" */;
			buildPhases = (
				6F3DEA84212C51F800B71A96 /* Sources */,
				6F3DEA85212C51F800B71A96 /* Frameworks */,
				6F3DEA86212C51F800B71A96 /* Resources */,
			);
			buildRules = (
			);
			dependencies = (
				6F3DEA8A212C51F800B71A96 /* PBXTargetDependency */,
			);
			name = AppTCCUITests;
			productName = AppTCCUITests;
			productReference = 6F3DEA88212C51F800B71A96 /* AppTCCUITests.xctest */;
			productType = "com.apple.product-type.bundle.ui-testing";
		};
/* End PBXNativeTarget section */

/* Begin PBXProject section */
		6F3DEA61212C51E500B71A96 /* Project object */ = {
			isa = PBXProject;
			attributes = {
				LastSwiftUpdateCheck = 0940;
				LastUpgradeCheck = 0940;
				ORGANIZATIONNAME = "Igor Vaz";
				TargetAttributes = {
					6F3DEA68212C51E500B71A96 = {
						CreatedOnToolsVersion = 9.4.1;
					};
					6F3DEA7C212C51F800B71A96 = {
						CreatedOnToolsVersion = 9.4.1;
						TestTargetID = 6F3DEA68212C51E500B71A96;
					};
					6F3DEA87212C51F800B71A96 = {
						CreatedOnToolsVersion = 9.4.1;
						TestTargetID = 6F3DEA68212C51E500B71A96;
					};
				};
			};
			buildConfigurationList = 6F3DEA64212C51E500B71A96 /* Build configuration list for PBXProject "AppTCC" */;
			compatibilityVersion = "Xcode 9.3";
			developmentRegion = en;
			hasScannedForEncodings = 0;
			knownRegions = (
				en,
				Base,
			);
			mainGroup = 6F3DEA60212C51E500B71A96;
			productRefGroup = 6F3DEA6A212C51E500B71A96 /* Products */;
			projectDirPath = "";
			projectRoot = "";
			targets = (
				6F3DEA68212C51E500B71A96 /* AppTCC */,
				6F3DEA7C212C51F800B71A96 /* AppTCCTests */,
				6F3DEA87212C51F800B71A96 /* AppTCCUITests */,
			);
		};
/* End PBXProject section */

/* Begin PBXResourcesBuildPhase section */
		6F3DEA67212C51E500B71A96 /* Resources */ = {
			isa = PBXResourcesBuildPhase;
			buildActionMask = 2147483647;
			files = (
				6F3DEA77212C51F800B71A96 /* LaunchScreen.storyboard in Resources */,
				6F3DEA74212C51F800B71A96 /* Assets.xcassets in Resources */,
				6F3DEA72212C51E500B71A96 /* Main.storyboard in Resources */,
			);
			runOnlyForDeploymentPostprocessing = 0;
		};
		6F3DEA7B212C51F800B71A96 /* Resources */ = {
			isa = PBXResourcesBuildPhase;
			buildActionMask = 2147483647;
			files = (
			);
			runOnlyForDeploymentPostprocessing = 0;
		};
		6F3DEA86212C51F800B71A96 /* Resources */ = {
			isa = PBXResourcesBuildPhase;
			buildActionMask = 2147483647;
			files = (
			);
			runOnlyForDeploymentPostprocessing = 0;
		};
/* End PBXResourcesBuildPhase section */

/* Begin PBXSourcesBuildPhase section */
		6F3DEA65212C51E500B71A96 /* Sources */ = {
			isa = PBXSourcesBuildPhase;
			buildActionMask = 2147483647;
			files = (
				6FD5E2AD212F439200517EEF /* ArduinoServiceProtocol.swift in Sources */,
				6FD5E28D212F22B900517EEF /* DeviceCollectionViewCell.swift in Sources */,
				6FD5E289212F0E4C00517EEF /* RoomTableViewCell.swift in Sources */,
				6FD5E299212F36A800517EEF /* Room.swift in Sources */,
				6FD5E294212F27F000517EEF /* View.swift in Sources */,
				6F3DEA6F212C51E500B71A96 /* ViewController.swift in Sources */,
				6FD5E29D212F3CB200517EEF /* Device.swift in Sources */,
				6FD5E2A2212F42D300517EEF /* ViewModel.swift in Sources */,
				6FD5E2A8212F432700517EEF /* ArduinoService.swift in Sources */,
				6F3DEA6D212C51E500B71A96 /* AppDelegate.swift in Sources */,
			);
			runOnlyForDeploymentPostprocessing = 0;
		};
		6F3DEA79212C51F800B71A96 /* Sources */ = {
			isa = PBXSourcesBuildPhase;
			buildActionMask = 2147483647;
			files = (
				6FD5E295212F27F000517EEF /* View.swift in Sources */,
				6FD5E28E212F22B900517EEF /* DeviceCollectionViewCell.swift in Sources */,
				6FD5E2AE212F439200517EEF /* ArduinoServiceProtocol.swift in Sources */,
				6FD5E2A9212F432700517EEF /* ArduinoService.swift in Sources */,
				6FD5E28A212F0E4C00517EEF /* RoomTableViewCell.swift in Sources */,
				6FD5E29E212F3CB200517EEF /* Device.swift in Sources */,
				6F3DEA82212C51F800B71A96 /* AppTCCTests.swift in Sources */,
				6FD5E29A212F36A800517EEF /* Room.swift in Sources */,
				6FD5E2A3212F42D300517EEF /* ViewModel.swift in Sources */,
			);
			runOnlyForDeploymentPostprocessing = 0;
		};
		6F3DEA84212C51F800B71A96 /* Sources */ = {
			isa = PBXSourcesBuildPhase;
			buildActionMask = 2147483647;
			files = (
				6FD5E296212F27F000517EEF /* View.swift in Sources */,
				6FD5E28F212F22B900517EEF /* DeviceCollectionViewCell.swift in Sources */,
				6FD5E2AF212F439200517EEF /* ArduinoServiceProtocol.swift in Sources */,
				6FD5E2AA212F432700517EEF /* ArduinoService.swift in Sources */,
				6FD5E28B212F0E4C00517EEF /* RoomTableViewCell.swift in Sources */,
				6FD5E29F212F3CB200517EEF /* Device.swift in Sources */,
				6F3DEA8D212C51F800B71A96 /* AppTCCUITests.swift in Sources */,
				6FD5E29B212F36A800517EEF /* Room.swift in Sources */,
				6FD5E2A4212F42D300517EEF /* ViewModel.swift in Sources */,
			);
			runOnlyForDeploymentPostprocessing = 0;
		};
/* End PBXSourcesBuildPhase section */

/* Begin PBXTargetDependency section */
		6F3DEA7F212C51F800B71A96 /* PBXTargetDependency */ = {
			isa = PBXTargetDependency;
			target = 6F3DEA68212C51E500B71A96 /* AppTCC */;
			targetProxy = 6F3DEA7E212C51F800B71A96 /* PBXContainerItemProxy */;
		};
		6F3DEA8A212C51F800B71A96 /* PBXTargetDependency */ = {
			isa = PBXTargetDependency;
			target = 6F3DEA68212C51E500B71A96 /* AppTCC */;
			targetProxy = 6F3DEA89212C51F800B71A96 /* PBXContainerItemProxy */;
		};
/* End PBXTargetDependency section */

/* Begin PBXVariantGroup section */
		6F3DEA70212C51E500B71A96 /* Main.storyboard */ = {
			isa = PBXVariantGroup;
			children = (
				6F3DEA71212C51E500B71A96 /* Base */,
			);
			name = Main.storyboard;
			sourceTree = "<group>";
		};
		6F3DEA75212C51F800B71A96 /* LaunchScreen.storyboard */ = {
			isa = PBXVariantGroup;
			children = (
				6F3DEA76212C51F800B71A96 /* Base */,
			);
			name = LaunchScreen.storyboard;
			sourceTree = "<group>";
		};
/* End PBXVariantGroup section */

/* Begin XCBuildConfiguration section */
		6F3DEA8F212C51F800B71A96 /* Debug */ = {
			isa = XCBuildConfiguration;
			buildSettings = {
				ALWAYS_SEARCH_USER_PATHS = NO;
				CLANG_ANALYZER_NONNULL = YES;
				CLANG_ANALYZER_NUMBER_OBJECT_CONVERSION = YES_AGGRESSIVE;
				CLANG_CXX_LANGUAGE_STANDARD = "gnu++14";
				CLANG_CXX_LIBRARY = "libc++";
				CLANG_ENABLE_MODULES = YES;
				CLANG_ENABLE_OBJC_ARC = YES;
				CLANG_ENABLE_OBJC_WEAK = YES;
				CLANG_WARN_BLOCK_CAPTURE_AUTORELEASING = YES;
				CLANG_WARN_BOOL_CONVERSION = YES;
				CLANG_WARN_COMMA = YES;
				CLANG_WARN_CONSTANT_CONVERSION = YES;
				CLANG_WARN_DEPRECATED_OBJC_IMPLEMENTATIONS = YES;
				CLANG_WARN_DIRECT_OBJC_ISA_USAGE = YES_ERROR;
				CLANG_WARN_DOCUMENTATION_COMMENTS = YES;
				CLANG_WARN_EMPTY_BODY = YES;
				CLANG_WARN_ENUM_CONVERSION = YES;
				CLANG_WARN_INFINITE_RECURSION = YES;
				CLANG_WARN_INT_CONVERSION = YES;
				CLANG_WARN_NON_LITERAL_NULL_CONVERSION = YES;
				CLANG_WARN_OBJC_IMPLICIT_RETAIN_SELF = YES;
				CLANG_WARN_OBJC_LITERAL_CONVERSION = YES;
				CLANG_WARN_OBJC_ROOT_CLASS = YES_ERROR;
				CLANG_WARN_RANGE_LOOP_ANALYSIS = YES;
				CLANG_WARN_STRICT_PROTOTYPES = YES;
				CLANG_WARN_SUSPICIOUS_MOVE = YES;
				CLANG_WARN_UNGUARDED_AVAILABILITY = YES_AGGRESSIVE;
				CLANG_WARN_UNREACHABLE_CODE = YES;
				CLANG_WARN__DUPLICATE_METHOD_MATCH = YES;
				CODE_SIGN_IDENTITY = "iPhone Developer";
				COPY_PHASE_STRIP = NO;
				DEBUG_INFORMATION_FORMAT = dwarf;
				ENABLE_STRICT_OBJC_MSGSEND = YES;
				ENABLE_TESTABILITY = YES;
				GCC_C_LANGUAGE_STANDARD = gnu11;
				GCC_DYNAMIC_NO_PIC = NO;
				GCC_NO_COMMON_BLOCKS = YES;
				GCC_OPTIMIZATION_LEVEL = 0;
				GCC_PREPROCESSOR_DEFINITIONS = (
					"DEBUG=1",
					"$(inherited)",
				);
				GCC_WARN_64_TO_32_BIT_CONVERSION = YES;
				GCC_WARN_ABOUT_RETURN_TYPE = YES_ERROR;
				GCC_WARN_UNDECLARED_SELECTOR = YES;
				GCC_WARN_UNINITIALIZED_AUTOS = YES_AGGRESSIVE;
				GCC_WARN_UNUSED_FUNCTION = YES;
				GCC_WARN_UNUSED_VARIABLE = YES;
				IPHONEOS_DEPLOYMENT_TARGET = 11.4;
				MTL_ENABLE_DEBUG_INFO = YES;
				ONLY_ACTIVE_ARCH = YES;
				SDKROOT = iphoneos;
				SWIFT_ACTIVE_COMPILATION_CONDITIONS = DEBUG;
				SWIFT_OPTIMIZATION_LEVEL = "-Onone";
			};
			name = Debug;
		};
		6F3DEA90212C51F800B71A96 /* Release */ = {
			isa = XCBuildConfiguration;
			buildSettings = {
				ALWAYS_SEARCH_USER_PATHS = NO;
				CLANG_ANALYZER_NONNULL = YES;
				CLANG_ANALYZER_NUMBER_OBJECT_CONVERSION = YES_AGGRESSIVE;
				CLANG_CXX_LANGUAGE_STANDARD = "gnu++14";
				CLANG_CXX_LIBRARY = "libc++";
				CLANG_ENABLE_MODULES = YES;
				CLANG_ENABLE_OBJC_ARC = YES;
				CLANG_ENABLE_OBJC_WEAK = YES;
				CLANG_WARN_BLOCK_CAPTURE_AUTORELEASING = YES;
				CLANG_WARN_BOOL_CONVERSION = YES;
				CLANG_WARN_COMMA = YES;
				CLANG_WARN_CONSTANT_CONVERSION = YES;
				CLANG_WARN_DEPRECATED_OBJC_IMPLEMENTATIONS = YES;
				CLANG_WARN_DIRECT_OBJC_ISA_USAGE = YES_ERROR;
				CLANG_WARN_DOCUMENTATION_COMMENTS = YES;
				CLANG_WARN_EMPTY_BODY = YES;
				CLANG_WARN_ENUM_CONVERSION = YES;
				CLANG_WARN_INFINITE_RECURSION = YES;
				CLANG_WARN_INT_CONVERSION = YES;
				CLANG_WARN_NON_LITERAL_NULL_CONVERSION = YES;
				CLANG_WARN_OBJC_IMPLICIT_RETAIN_SELF = YES;
				CLANG_WARN_OBJC_LITERAL_CONVERSION = YES;
				CLANG_WARN_OBJC_ROOT_CLASS = YES_ERROR;
				CLANG_WARN_RANGE_LOOP_ANALYSIS = YES;
				CLANG_WARN_STRICT_PROTOTYPES = YES;
				CLANG_WARN_SUSPICIOUS_MOVE = YES;
				CLANG_WARN_UNGUARDED_AVAILABILITY = YES_AGGRESSIVE;
				CLANG_WARN_UNREACHABLE_CODE = YES;
				CLANG_WARN__DUPLICATE_METHOD_MATCH = YES;
				CODE_SIGN_IDENTITY = "iPhone Developer";
				COPY_PHASE_STRIP = NO;
				DEBUG_INFORMATION_FORMAT = "dwarf-with-dsym";
				ENABLE_NS_ASSERTIONS = NO;
				ENABLE_STRICT_OBJC_MSGSEND = YES;
				GCC_C_LANGUAGE_STANDARD = gnu11;
				GCC_NO_COMMON_BLOCKS = YES;
				GCC_WARN_64_TO_32_BIT_CONVERSION = YES;
				GCC_WARN_ABOUT_RETURN_TYPE = YES_ERROR;
				GCC_WARN_UNDECLARED_SELECTOR = YES;
				GCC_WARN_UNINITIALIZED_AUTOS = YES_AGGRESSIVE;
				GCC_WARN_UNUSED_FUNCTION = YES;
				GCC_WARN_UNUSED_VARIABLE = YES;
				IPHONEOS_DEPLOYMENT_TARGET = 11.4;
				MTL_ENABLE_DEBUG_INFO = NO;
				SDKROOT = iphoneos;
				SWIFT_COMPILATION_MODE = wholemodule;
				SWIFT_OPTIMIZATION_LEVEL = "-O";
				VALIDATE_PRODUCT = YES;
			};
			name = Release;
		};
		6F3DEA92212C51F800B71A96 /* Debug */ = {
			isa = XCBuildConfiguration;
			buildSettings = {
				ASSETCATALOG_COMPILER_APPICON_NAME = AppIcon;
				CODE_SIGN_STYLE = Automatic;
				DEVELOPMENT_TEAM = C9G5P48NTT;
				INFOPLIST_FILE = AppTCC/Info.plist;
				IPHONEOS_DEPLOYMENT_TARGET = 11.0;
				LD_RUNPATH_SEARCH_PATHS = (
					"$(inherited)",
					"@executable_path/Frameworks",
				);
				PRODUCT_BUNDLE_IDENTIFIER = IV.AppTCC;
				PRODUCT_NAME = "$(TARGET_NAME)";
				SWIFT_VERSION = 4.0;
				TARGETED_DEVICE_FAMILY = "1,2";
			};
			name = Debug;
		};
		6F3DEA93212C51F800B71A96 /* Release */ = {
			isa = XCBuildConfiguration;
			buildSettings = {
				ASSETCATALOG_COMPILER_APPICON_NAME = AppIcon;
				CODE_SIGN_STYLE = Automatic;
				DEVELOPMENT_TEAM = C9G5P48NTT;
				INFOPLIST_FILE = AppTCC/Info.plist;
				IPHONEOS_DEPLOYMENT_TARGET = 11.0;
				LD_RUNPATH_SEARCH_PATHS = (
					"$(inherited)",
					"@executable_path/Frameworks",
				);
				PRODUCT_BUNDLE_IDENTIFIER = IV.AppTCC;
				PRODUCT_NAME = "$(TARGET_NAME)";
				SWIFT_VERSION = 4.0;
				TARGETED_DEVICE_FAMILY = "1,2";
			};
			name = Release;
		};
		6F3DEA95212C51F800B71A96 /* Debug */ = {
			isa = XCBuildConfiguration;
			buildSettings = {
				ALWAYS_EMBED_SWIFT_STANDARD_LIBRARIES = YES;
				BUNDLE_LOADER = "$(TEST_HOST)";
				CODE_SIGN_STYLE = Automatic;
				INFOPLIST_FILE = AppTCCTests/Info.plist;
				LD_RUNPATH_SEARCH_PATHS = (
					"$(inherited)",
					"@executable_path/Frameworks",
					"@loader_path/Frameworks",
				);
				PRODUCT_BUNDLE_IDENTIFIER = IV.AppTCCTests;
				PRODUCT_NAME = "$(TARGET_NAME)";
				SWIFT_VERSION = 4.0;
				TARGETED_DEVICE_FAMILY = "1,2";
				TEST_HOST = "$(BUILT_PRODUCTS_DIR)/AppTCC.app/AppTCC";
			};
			name = Debug;
		};
		6F3DEA96212C51F800B71A96 /* Release */ = {
			isa = XCBuildConfiguration;
			buildSettings = {
				ALWAYS_EMBED_SWIFT_STANDARD_LIBRARIES = YES;
				BUNDLE_LOADER = "$(TEST_HOST)";
				CODE_SIGN_STYLE = Automatic;
				INFOPLIST_FILE = AppTCCTests/Info.plist;
				LD_RUNPATH_SEARCH_PATHS = (
					"$(inherited)",
					"@executable_path/Frameworks",
					"@loader_path/Frameworks",
				);
				PRODUCT_BUNDLE_IDENTIFIER = IV.AppTCCTests;
				PRODUCT_NAME = "$(TARGET_NAME)";
				SWIFT_VERSION = 4.0;
				TARGETED_DEVICE_FAMILY = "1,2";
				TEST_HOST = "$(BUILT_PRODUCTS_DIR)/AppTCC.app/AppTCC";
			};
			name = Release;
		};
		6F3DEA98212C51F800B71A96 /* Debug */ = {
			isa = XCBuildConfiguration;
			buildSettings = {
				ALWAYS_EMBED_SWIFT_STANDARD_LIBRARIES = YES;
				CODE_SIGN_STYLE = Automatic;
				INFOPLIST_FILE = AppTCCUITests/Info.plist;
				LD_RUNPATH_SEARCH_PATHS = (
					"$(inherited)",
					"@executable_path/Frameworks",
					"@loader_path/Frameworks",
				);
				PRODUCT_BUNDLE_IDENTIFIER = IV.AppTCCUITests;
				PRODUCT_NAME = "$(TARGET_NAME)";
				SWIFT_VERSION = 4.0;
				TARGETED_DEVICE_FAMILY = "1,2";
				TEST_TARGET_NAME = AppTCC;
			};
			name = Debug;
		};
		6F3DEA99212C51F800B71A96 /* Release */ = {
			isa = XCBuildConfiguration;
			buildSettings = {
				ALWAYS_EMBED_SWIFT_STANDARD_LIBRARIES = YES;
				CODE_SIGN_STYLE = Automatic;
				INFOPLIST_FILE = AppTCCUITests/Info.plist;
				LD_RUNPATH_SEARCH_PATHS = (
					"$(inherited)",
					"@executable_path/Frameworks",
					"@loader_path/Frameworks",
				);
				PRODUCT_BUNDLE_IDENTIFIER = IV.AppTCCUITests;
				PRODUCT_NAME = "$(TARGET_NAME)";
				SWIFT_VERSION = 4.0;
				TARGETED_DEVICE_FAMILY = "1,2";
				TEST_TARGET_NAME = AppTCC;
			};
			name = Release;
		};
/* End XCBuildConfiguration section */

/* Begin XCConfigurationList section */
		6F3DEA64212C51E500B71A96 /* Build configuration list for PBXProject "AppTCC" */ = {
			isa = XCConfigurationList;
			buildConfigurations = (
				6F3DEA8F212C51F800B71A96 /* Debug */,
				6F3DEA90212C51F800B71A96 /* Release */,
			);
			defaultConfigurationIsVisible = 0;
			defaultConfigurationName = Release;
		};
		6F3DEA91212C51F800B71A96 /* Build configuration list for PBXNativeTarget "AppTCC" */ = {
			isa = XCConfigurationList;
			buildConfigurations = (
				6F3DEA92212C51F800B71A96 /* Debug */,
				6F3DEA93212C51F800B71A96 /* Release */,
			);
			defaultConfigurationIsVisible = 0;
			defaultConfigurationName = Release;
		};
		6F3DEA94212C51F800B71A96 /* Build configuration list for PBXNativeTarget "AppTCCTests" */ = {
			isa = XCConfigurationList;
			buildConfigurations = (
				6F3DEA95212C51F800B71A96 /* Debug */,
				6F3DEA96212C51F800B71A96 /* Release */,
			);
			defaultConfigurationIsVisible = 0;
			defaultConfigurationName = Release;
		};
		6F3DEA97212C51F800B71A96 /* Build configuration list for PBXNativeTarget "AppTCCUITests" */ = {
			isa = XCConfigurationList;
			buildConfigurations = (
				6F3DEA98212C51F800B71A96 /* Debug */,
				6F3DEA99212C51F800B71A96 /* Release */,
			);
			defaultConfigurationIsVisible = 0;
			defaultConfigurationName = Release;
		};
/* End XCConfigurationList section */
	};
	rootObject = 6F3DEA61212C51E500B71A96 /* Project object */;
}
